// !$*UTF8*$!
{
	archiveVersion = 1;
	classes = {
	};
	objectVersion = 50;
	objects = {

/* Begin PBXBuildFile section */
		8708881922DA15C000A9A7DA /* HintPointer.swift in Sources */ = {isa = PBXBuildFile; fileRef = 8708881822DA15C000A9A7DA /* HintPointer.swift */; };
		87F0D8F322CB8D35001E448C /* AppDelegate.swift in Sources */ = {isa = PBXBuildFile; fileRef = 87F0D8F222CB8D35001E448C /* AppDelegate.swift */; };
		87F0D8F522CB8D35001E448C /* ViewController.swift in Sources */ = {isa = PBXBuildFile; fileRef = 87F0D8F422CB8D35001E448C /* ViewController.swift */; };
		87F0D8F822CB8D35001E448C /* Main.storyboard in Resources */ = {isa = PBXBuildFile; fileRef = 87F0D8F622CB8D35001E448C /* Main.storyboard */; };
		87F0D8FA22CB8D37001E448C /* Assets.xcassets in Resources */ = {isa = PBXBuildFile; fileRef = 87F0D8F922CB8D37001E448C /* Assets.xcassets */; };
		87F0D8FD22CB8D37001E448C /* LaunchScreen.storyboard in Resources */ = {isa = PBXBuildFile; fileRef = 87F0D8FB22CB8D37001E448C /* LaunchScreen.storyboard */; };
		87F0D90822CB8D37001E448C /* TutorialBubbleTests.swift in Sources */ = {isa = PBXBuildFile; fileRef = 87F0D90722CB8D37001E448C /* TutorialBubbleTests.swift */; };
		87F0D91322CB8D37001E448C /* TutorialBubbleUITests.swift in Sources */ = {isa = PBXBuildFile; fileRef = 87F0D91222CB8D37001E448C /* TutorialBubbleUITests.swift */; };
/* End PBXBuildFile section */

/* Begin PBXContainerItemProxy section */
		87F0D90422CB8D37001E448C /* PBXContainerItemProxy */ = {
			isa = PBXContainerItemProxy;
			containerPortal = 87F0D8E722CB8D35001E448C /* Project object */;
			proxyType = 1;
			remoteGlobalIDString = 87F0D8EE22CB8D35001E448C;
			remoteInfo = TutorialBubble;
		};
		87F0D90F22CB8D37001E448C /* PBXContainerItemProxy */ = {
			isa = PBXContainerItemProxy;
			containerPortal = 87F0D8E722CB8D35001E448C /* Project object */;
			proxyType = 1;
			remoteGlobalIDString = 87F0D8EE22CB8D35001E448C;
			remoteInfo = TutorialBubble;
		};
/* End PBXContainerItemProxy section */

/* Begin PBXFileReference section */
		8708881822DA15C000A9A7DA /* HintPointer.swift */ = {isa = PBXFileReference; lastKnownFileType = sourcecode.swift; path = HintPointer.swift; sourceTree = "<group>"; };
		87F0D8EF22CB8D35001E448C /* TutorialBubble.app */ = {isa = PBXFileReference; explicitFileType = wrapper.application; includeInIndex = 0; path = TutorialBubble.app; sourceTree = BUILT_PRODUCTS_DIR; };
		87F0D8F222CB8D35001E448C /* AppDelegate.swift */ = {isa = PBXFileReference; lastKnownFileType = sourcecode.swift; path = AppDelegate.swift; sourceTree = "<group>"; };
		87F0D8F422CB8D35001E448C /* ViewController.swift */ = {isa = PBXFileReference; lastKnownFileType = sourcecode.swift; path = ViewController.swift; sourceTree = "<group>"; };
		87F0D8F722CB8D35001E448C /* Base */ = {isa = PBXFileReference; lastKnownFileType = file.storyboard; name = Base; path = Base.lproj/Main.storyboard; sourceTree = "<group>"; };
		87F0D8F922CB8D37001E448C /* Assets.xcassets */ = {isa = PBXFileReference; lastKnownFileType = folder.assetcatalog; path = Assets.xcassets; sourceTree = "<group>"; };
		87F0D8FC22CB8D37001E448C /* Base */ = {isa = PBXFileReference; lastKnownFileType = file.storyboard; name = Base; path = Base.lproj/LaunchScreen.storyboard; sourceTree = "<group>"; };
		87F0D8FE22CB8D37001E448C /* Info.plist */ = {isa = PBXFileReference; lastKnownFileType = text.plist.xml; path = Info.plist; sourceTree = "<group>"; };
		87F0D90322CB8D37001E448C /* TutorialBubbleTests.xctest */ = {isa = PBXFileReference; explicitFileType = wrapper.cfbundle; includeInIndex = 0; path = TutorialBubbleTests.xctest; sourceTree = BUILT_PRODUCTS_DIR; };
		87F0D90722CB8D37001E448C /* TutorialBubbleTests.swift */ = {isa = PBXFileReference; lastKnownFileType = sourcecode.swift; path = TutorialBubbleTests.swift; sourceTree = "<group>"; };
		87F0D90922CB8D37001E448C /* Info.plist */ = {isa = PBXFileReference; lastKnownFileType = text.plist.xml; path = Info.plist; sourceTree = "<group>"; };
		87F0D90E22CB8D37001E448C /* TutorialBubbleUITests.xctest */ = {isa = PBXFileReference; explicitFileType = wrapper.cfbundle; includeInIndex = 0; path = TutorialBubbleUITests.xctest; sourceTree = BUILT_PRODUCTS_DIR; };
		87F0D91222CB8D37001E448C /* TutorialBubbleUITests.swift */ = {isa = PBXFileReference; lastKnownFileType = sourcecode.swift; path = TutorialBubbleUITests.swift; sourceTree = "<group>"; };
		87F0D91422CB8D37001E448C /* Info.plist */ = {isa = PBXFileReference; lastKnownFileType = text.plist.xml; path = Info.plist; sourceTree = "<group>"; };
/* End PBXFileReference section */

/* Begin PBXFrameworksBuildPhase section */
		87F0D8EC22CB8D35001E448C /* Frameworks */ = {
			isa = PBXFrameworksBuildPhase;
			buildActionMask = 2147483647;
			files = (
			);
			runOnlyForDeploymentPostprocessing = 0;
		};
		87F0D90022CB8D37001E448C /* Frameworks */ = {
			isa = PBXFrameworksBuildPhase;
			buildActionMask = 2147483647;
			files = (
			);
			runOnlyForDeploymentPostprocessing = 0;
		};
		87F0D90B22CB8D37001E448C /* Frameworks */ = {
			isa = PBXFrameworksBuildPhase;
			buildActionMask = 2147483647;
			files = (
			);
			runOnlyForDeploymentPostprocessing = 0;
		};
/* End PBXFrameworksBuildPhase section */

/* Begin PBXGroup section */
		87F0D8E622CB8D35001E448C = {
			isa = PBXGroup;
			children = (
				87F0D8F122CB8D35001E448C /* TutorialBubble */,
				87F0D90622CB8D37001E448C /* TutorialBubbleTests */,
				87F0D91122CB8D37001E448C /* TutorialBubbleUITests */,
				87F0D8F022CB8D35001E448C /* Products */,
			);
			sourceTree = "<group>";
		};
		87F0D8F022CB8D35001E448C /* Products */ = {
			isa = PBXGroup;
			children = (
				87F0D8EF22CB8D35001E448C /* TutorialBubble.app */,
				87F0D90322CB8D37001E448C /* TutorialBubbleTests.xctest */,
				87F0D90E22CB8D37001E448C /* TutorialBubbleUITests.xctest */,
			);
			name = Products;
			sourceTree = "<group>";
		};
		87F0D8F122CB8D35001E448C /* TutorialBubble */ = {
			isa = PBXGroup;
			children = (
				87F0D8F222CB8D35001E448C /* AppDelegate.swift */,
				87F0D8F422CB8D35001E448C /* ViewController.swift */,
				87F0D8F622CB8D35001E448C /* Main.storyboard */,
				87F0D8F922CB8D37001E448C /* Assets.xcassets */,
				87F0D8FB22CB8D37001E448C /* LaunchScreen.storyboard */,
				87F0D8FE22CB8D37001E448C /* Info.plist */,
				8708881822DA15C000A9A7DA /* HintPointer.swift */,
			);
			path = TutorialBubble;
			sourceTree = "<group>";
		};
		87F0D90622CB8D37001E448C /* TutorialBubbleTests */ = {
			isa = PBXGroup;
			children = (
				87F0D90722CB8D37001E448C /* TutorialBubbleTests.swift */,
				87F0D90922CB8D37001E448C /* Info.plist */,
			);
			path = TutorialBubbleTests;
			sourceTree = "<group>";
		};
		87F0D91122CB8D37001E448C /* TutorialBubbleUITests */ = {
			isa = PBXGroup;
			children = (
				87F0D91222CB8D37001E448C /* TutorialBubbleUITests.swift */,
				87F0D91422CB8D37001E448C /* Info.plist */,
			);
			path = TutorialBubbleUITests;
			sourceTree = "<group>";
		};
/* End PBXGroup section */

/* Begin PBXNativeTarget section */
		87F0D8EE22CB8D35001E448C /* TutorialBubble */ = {
			isa = PBXNativeTarget;
			buildConfigurationList = 87F0D91722CB8D37001E448C /* Build configuration list for PBXNativeTarget "TutorialBubble" */;
			buildPhases = (
				87F0D8EB22CB8D35001E448C /* Sources */,
				87F0D8EC22CB8D35001E448C /* Frameworks */,
				87F0D8ED22CB8D35001E448C /* Resources */,
			);
			buildRules = (
			);
			dependencies = (
			);
			name = TutorialBubble;
			productName = TutorialBubble;
			productReference = 87F0D8EF22CB8D35001E448C /* TutorialBubble.app */;
			productType = "com.apple.product-type.application";
		};
		87F0D90222CB8D37001E448C /* TutorialBubbleTests */ = {
			isa = PBXNativeTarget;
			buildConfigurationList = 87F0D91A22CB8D37001E448C /* Build configuration list for PBXNativeTarget "TutorialBubbleTests" */;
			buildPhases = (
				87F0D8FF22CB8D37001E448C /* Sources */,
				87F0D90022CB8D37001E448C /* Frameworks */,
				87F0D90122CB8D37001E448C /* Resources */,
			);
			buildRules = (
			);
			dependencies = (
				87F0D90522CB8D37001E448C /* PBXTargetDependency */,
			);
			name = TutorialBubbleTests;
			productName = TutorialBubbleTests;
			productReference = 87F0D90322CB8D37001E448C /* TutorialBubbleTests.xctest */;
			productType = "com.apple.product-type.bundle.unit-test";
		};
		87F0D90D22CB8D37001E448C /* TutorialBubbleUITests */ = {
			isa = PBXNativeTarget;
			buildConfigurationList = 87F0D91D22CB8D37001E448C /* Build configuration list for PBXNativeTarget "TutorialBubbleUITests" */;
			buildPhases = (
				87F0D90A22CB8D37001E448C /* Sources */,
				87F0D90B22CB8D37001E448C /* Frameworks */,
				87F0D90C22CB8D37001E448C /* Resources */,
			);
			buildRules = (
			);
			dependencies = (
				87F0D91022CB8D37001E448C /* PBXTargetDependency */,
			);
			name = TutorialBubbleUITests;
			productName = TutorialBubbleUITests;
			productReference = 87F0D90E22CB8D37001E448C /* TutorialBubbleUITests.xctest */;
			productType = "com.apple.product-type.bundle.ui-testing";
		};
/* End PBXNativeTarget section */

/* Begin PBXProject section */
		87F0D8E722CB8D35001E448C /* Project object */ = {
			isa = PBXProject;
			attributes = {
				LastSwiftUpdateCheck = 1020;
				LastUpgradeCheck = 1020;
				ORGANIZATIONNAME = "Farshad Jahanmanesh";
				TargetAttributes = {
					87F0D8EE22CB8D35001E448C = {
						CreatedOnToolsVersion = 10.2.1;
					};
					87F0D90222CB8D37001E448C = {
						CreatedOnToolsVersion = 10.2.1;
						TestTargetID = 87F0D8EE22CB8D35001E448C;
					};
					87F0D90D22CB8D37001E448C = {
						CreatedOnToolsVersion = 10.2.1;
						TestTargetID = 87F0D8EE22CB8D35001E448C;
					};
				};
			};
			buildConfigurationList = 87F0D8EA22CB8D35001E448C /* Build configuration list for PBXProject "TutorialBubble" */;
			compatibilityVersion = "Xcode 9.3";
			developmentRegion = en;
			hasScannedForEncodings = 0;
			knownRegions = (
				en,
				Base,
			);
			mainGroup = 87F0D8E622CB8D35001E448C;
			productRefGroup = 87F0D8F022CB8D35001E448C /* Products */;
			projectDirPath = "";
			projectRoot = "";
			targets = (
				87F0D8EE22CB8D35001E448C /* TutorialBubble */,
				87F0D90222CB8D37001E448C /* TutorialBubbleTests */,
				87F0D90D22CB8D37001E448C /* TutorialBubbleUITests */,
			);
		};
/* End PBXProject section */

/* Begin PBXResourcesBuildPhase section */
		87F0D8ED22CB8D35001E448C /* Resources */ = {
			isa = PBXResourcesBuildPhase;
			buildActionMask = 2147483647;
			files = (
				87F0D8FD22CB8D37001E448C /* LaunchScreen.storyboard in Resources */,
				87F0D8FA22CB8D37001E448C /* Assets.xcassets in Resources */,
				87F0D8F822CB8D35001E448C /* Main.storyboard in Resources */,
			);
			runOnlyForDeploymentPostprocessing = 0;
		};
		87F0D90122CB8D37001E448C /* Resources */ = {
			isa = PBXResourcesBuildPhase;
			buildActionMask = 2147483647;
			files = (
			);
			runOnlyForDeploymentPostprocessing = 0;
		};
		87F0D90C22CB8D37001E448C /* Resources */ = {
			isa = PBXResourcesBuildPhase;
			buildActionMask = 2147483647;
			files = (
			);
			runOnlyForDeploymentPostprocessing = 0;
		};
/* End PBXResourcesBuildPhase section */

/* Begin PBXSourcesBuildPhase section */
		87F0D8EB22CB8D35001E448C /* Sources */ = {
			isa = PBXSourcesBuildPhase;
			buildActionMask = 2147483647;
			files = (
				8708881922DA15C000A9A7DA /* HintPointer.swift in Sources */,
				87F0D8F522CB8D35001E448C /* ViewController.swift in Sources */,
				87F0D8F322CB8D35001E448C /* AppDelegate.swift in Sources */,
			);
			runOnlyForDeploymentPostprocessing = 0;
		};
		87F0D8FF22CB8D37001E448C /* Sources */ = {
			isa = PBXSourcesBuildPhase;
			buildActionMask = 2147483647;
			files = (
				87F0D90822CB8D37001E448C /* TutorialBubbleTests.swift in Sources */,
			);
			runOnlyForDeploymentPostprocessing = 0;
		};
		87F0D90A22CB8D37001E448C /* Sources */ = {
			isa = PBXSourcesBuildPhase;
			buildActionMask = 2147483647;
			files = (
				87F0D91322CB8D37001E448C /* TutorialBubbleUITests.swift in Sources */,
			);
			runOnlyForDeploymentPostprocessing = 0;
		};
/* End PBXSourcesBuildPhase section */

/* Begin PBXTargetDependency section */
		87F0D90522CB8D37001E448C /* PBXTargetDependency */ = {
			isa = PBXTargetDependency;
			target = 87F0D8EE22CB8D35001E448C /* TutorialBubble */;
			targetProxy = 87F0D90422CB8D37001E448C /* PBXContainerItemProxy */;
		};
		87F0D91022CB8D37001E448C /* PBXTargetDependency */ = {
			isa = PBXTargetDependency;
			target = 87F0D8EE22CB8D35001E448C /* TutorialBubble */;
			targetProxy = 87F0D90F22CB8D37001E448C /* PBXContainerItemProxy */;
		};
/* End PBXTargetDependency section */

/* Begin PBXVariantGroup section */
		87F0D8F622CB8D35001E448C /* Main.storyboard */ = {
			isa = PBXVariantGroup;
			children = (
				87F0D8F722CB8D35001E448C /* Base */,
			);
			name = Main.storyboard;
			sourceTree = "<group>";
		};
		87F0D8FB22CB8D37001E448C /* LaunchScreen.storyboard */ = {
			isa = PBXVariantGroup;
			children = (
				87F0D8FC22CB8D37001E448C /* Base */,
			);
			name = LaunchScreen.storyboard;
			sourceTree = "<group>";
		};
/* End PBXVariantGroup section */

/* Begin XCBuildConfiguration section */
		87F0D91522CB8D37001E448C /* Debug */ = {
			isa = XCBuildConfiguration;
			buildSettings = {
				ALWAYS_SEARCH_USER_PATHS = NO;
				CLANG_ANALYZER_NONNULL = YES;
				CLANG_ANALYZER_NUMBER_OBJECT_CONVERSION = YES_AGGRESSIVE;
				CLANG_CXX_LANGUAGE_STANDARD = "gnu++14";
				CLANG_CXX_LIBRARY = "libc++";
				CLANG_ENABLE_MODULES = YES;
				CLANG_ENABLE_OBJC_ARC = YES;
				CLANG_ENABLE_OBJC_WEAK = YES;
				CLANG_WARN_BLOCK_CAPTURE_AUTORELEASING = YES;
				CLANG_WARN_BOOL_CONVERSION = YES;
				CLANG_WARN_COMMA = YES;
				CLANG_WARN_CONSTANT_CONVERSION = YES;
				CLANG_WARN_DEPRECATED_OBJC_IMPLEMENTATIONS = YES;
				CLANG_WARN_DIRECT_OBJC_ISA_USAGE = YES_ERROR;
				CLANG_WARN_DOCUMENTATION_COMMENTS = YES;
				CLANG_WARN_EMPTY_BODY = YES;
				CLANG_WARN_ENUM_CONVERSION = YES;
				CLANG_WARN_INFINITE_RECURSION = YES;
				CLANG_WARN_INT_CONVERSION = YES;
				CLANG_WARN_NON_LITERAL_NULL_CONVERSION = YES;
				CLANG_WARN_OBJC_IMPLICIT_RETAIN_SELF = YES;
				CLANG_WARN_OBJC_LITERAL_CONVERSION = YES;
				CLANG_WARN_OBJC_ROOT_CLASS = YES_ERROR;
				CLANG_WARN_RANGE_LOOP_ANALYSIS = YES;
				CLANG_WARN_STRICT_PROTOTYPES = YES;
				CLANG_WARN_SUSPICIOUS_MOVE = YES;
				CLANG_WARN_UNGUARDED_AVAILABILITY = YES_AGGRESSIVE;
				CLANG_WARN_UNREACHABLE_CODE = YES;
				CLANG_WARN__DUPLICATE_METHOD_MATCH = YES;
				CODE_SIGN_IDENTITY = "iPhone Developer";
				COPY_PHASE_STRIP = NO;
				DEBUG_INFORMATION_FORMAT = dwarf;
				ENABLE_STRICT_OBJC_MSGSEND = YES;
				ENABLE_TESTABILITY = YES;
				GCC_C_LANGUAGE_STANDARD = gnu11;
				GCC_DYNAMIC_NO_PIC = NO;
				GCC_NO_COMMON_BLOCKS = YES;
				GCC_OPTIMIZATION_LEVEL = 0;
				GCC_PREPROCESSOR_DEFINITIONS = (
					"DEBUG=1",
					"$(inherited)",
				);
				GCC_WARN_64_TO_32_BIT_CONVERSION = YES;
				GCC_WARN_ABOUT_RETURN_TYPE = YES_ERROR;
				GCC_WARN_UNDECLARED_SELECTOR = YES;
				GCC_WARN_UNINITIALIZED_AUTOS = YES_AGGRESSIVE;
				GCC_WARN_UNUSED_FUNCTION = YES;
				GCC_WARN_UNUSED_VARIABLE = YES;
				IPHONEOS_DEPLOYMENT_TARGET = 12.2;
				MTL_ENABLE_DEBUG_INFO = INCLUDE_SOURCE;
				MTL_FAST_MATH = YES;
				ONLY_ACTIVE_ARCH = YES;
				SDKROOT = iphoneos;
				SWIFT_ACTIVE_COMPILATION_CONDITIONS = DEBUG;
				SWIFT_OPTIMIZATION_LEVEL = "-Onone";
			};
			name = Debug;
		};
		87F0D91622CB8D37001E448C /* Release */ = {
			isa = XCBuildConfiguration;
			buildSettings = {
				ALWAYS_SEARCH_USER_PATHS = NO;
				CLANG_ANALYZER_NONNULL = YES;
				CLANG_ANALYZER_NUMBER_OBJECT_CONVERSION = YES_AGGRESSIVE;
				CLANG_CXX_LANGUAGE_STANDARD = "gnu++14";
				CLANG_CXX_LIBRARY = "libc++";
				CLANG_ENABLE_MODULES = YES;
				CLANG_ENABLE_OBJC_ARC = YES;
				CLANG_ENABLE_OBJC_WEAK = YES;
				CLANG_WARN_BLOCK_CAPTURE_AUTORELEASING = YES;
				CLANG_WARN_BOOL_CONVERSION = YES;
				CLANG_WARN_COMMA = YES;
				CLANG_WARN_CONSTANT_CONVERSION = YES;
				CLANG_WARN_DEPRECATED_OBJC_IMPLEMENTATIONS = YES;
				CLANG_WARN_DIRECT_OBJC_ISA_USAGE = YES_ERROR;
				CLANG_WARN_DOCUMENTATION_COMMENTS = YES;
				CLANG_WARN_EMPTY_BODY = YES;
				CLANG_WARN_ENUM_CONVERSION = YES;
				CLANG_WARN_INFINITE_RECURSION = YES;
				CLANG_WARN_INT_CONVERSION = YES;
				CLANG_WARN_NON_LITERAL_NULL_CONVERSION = YES;
				CLANG_WARN_OBJC_IMPLICIT_RETAIN_SELF = YES;
				CLANG_WARN_OBJC_LITERAL_CONVERSION = YES;
				CLANG_WARN_OBJC_ROOT_CLASS = YES_ERROR;
				CLANG_WARN_RANGE_LOOP_ANALYSIS = YES;
				CLANG_WARN_STRICT_PROTOTYPES = YES;
				CLANG_WARN_SUSPICIOUS_MOVE = YES;
				CLANG_WARN_UNGUARDED_AVAILABILITY = YES_AGGRESSIVE;
				CLANG_WARN_UNREACHABLE_CODE = YES;
				CLANG_WARN__DUPLICATE_METHOD_MATCH = YES;
				CODE_SIGN_IDENTITY = "iPhone Developer";
				COPY_PHASE_STRIP = NO;
				DEBUG_INFORMATION_FORMAT = "dwarf-with-dsym";
				ENABLE_NS_ASSERTIONS = NO;
				ENABLE_STRICT_OBJC_MSGSEND = YES;
				GCC_C_LANGUAGE_STANDARD = gnu11;
				GCC_NO_COMMON_BLOCKS = YES;
				GCC_WARN_64_TO_32_BIT_CONVERSION = YES;
				GCC_WARN_ABOUT_RETURN_TYPE = YES_ERROR;
				GCC_WARN_UNDECLARED_SELECTOR = YES;
				GCC_WARN_UNINITIALIZED_AUTOS = YES_AGGRESSIVE;
				GCC_WARN_UNUSED_FUNCTION = YES;
				GCC_WARN_UNUSED_VARIABLE = YES;
				IPHONEOS_DEPLOYMENT_TARGET = 12.2;
				MTL_ENABLE_DEBUG_INFO = NO;
				MTL_FAST_MATH = YES;
				SDKROOT = iphoneos;
				SWIFT_COMPILATION_MODE = wholemodule;
				SWIFT_OPTIMIZATION_LEVEL = "-O";
				VALIDATE_PRODUCT = YES;
			};
			name = Release;
		};
		87F0D91822CB8D37001E448C /* Debug */ = {
			isa = XCBuildConfiguration;
			buildSettings = {
				ASSETCATALOG_COMPILER_APPICON_NAME = AppIcon;
				CODE_SIGN_STYLE = Automatic;
				DEVELOPMENT_TEAM = 6Q4W97Z9XN;
				INFOPLIST_FILE = TutorialBubble/Info.plist;
				LD_RUNPATH_SEARCH_PATHS = (
					"$(inherited)",
					"@executable_path/Frameworks",
				);
				PRODUCT_BUNDLE_IDENTIFIER = dddd.TutorialBubble;
				PRODUCT_NAME = "$(TARGET_NAME)";
				SWIFT_VERSION = 5.0;
				TARGETED_DEVICE_FAMILY = "1,2";
			};
			name = Debug;
		};
		87F0D91922CB8D37001E448C /* Release */ = {
			isa = XCBuildConfiguration;
			buildSettings = {
				ASSETCATALOG_COMPILER_APPICON_NAME = AppIcon;
				CODE_SIGN_STYLE = Automatic;
				DEVELOPMENT_TEAM = 6Q4W97Z9XN;
				INFOPLIST_FILE = TutorialBubble/Info.plist;
				LD_RUNPATH_SEARCH_PATHS = (
					"$(inherited)",
					"@executable_path/Frameworks",
				);
				PRODUCT_BUNDLE_IDENTIFIER = dddd.TutorialBubble;
				PRODUCT_NAME = "$(TARGET_NAME)";
				SWIFT_VERSION = 5.0;
				TARGETED_DEVICE_FAMILY = "1,2";
			};
			name = Release;
		};
		87F0D91B22CB8D37001E448C /* Debug */ = {
			isa = XCBuildConfiguration;
			buildSettings = {
				ALWAYS_EMBED_SWIFT_STANDARD_LIBRARIES = YES;
				BUNDLE_LOADER = "$(TEST_HOST)";
				CODE_SIGN_STYLE = Automatic;
				DEVELOPMENT_TEAM = 6Q4W97Z9XN;
				INFOPLIST_FILE = TutorialBubbleTests/Info.plist;
				LD_RUNPATH_SEARCH_PATHS = (
					"$(inherited)",
					"@executable_path/Frameworks",
					"@loader_path/Frameworks",
				);
				PRODUCT_BUNDLE_IDENTIFIER = dddd.TutorialBubbleTests;
				PRODUCT_NAME = "$(TARGET_NAME)";
				SWIFT_VERSION = 5.0;
				TARGETED_DEVICE_FAMILY = "1,2";
				TEST_HOST = "$(BUILT_PRODUCTS_DIR)/TutorialBubble.app/TutorialBubble";
			};
			name = Debug;
		};
		87F0D91C22CB8D37001E448C /* Release */ = {
			isa = XCBuildConfiguration;
			buildSettings = {
				ALWAYS_EMBED_SWIFT_STANDARD_LIBRARIES = YES;
				BUNDLE_LOADER = "$(TEST_HOST)";
				CODE_SIGN_STYLE = Automatic;
				DEVELOPMENT_TEAM = 6Q4W97Z9XN;
				INFOPLIST_FILE = TutorialBubbleTests/Info.plist;
				LD_RUNPATH_SEARCH_PATHS = (
					"$(inherited)",
					"@executable_path/Frameworks",
					"@loader_path/Frameworks",
				);
				PRODUCT_BUNDLE_IDENTIFIER = dddd.TutorialBubbleTests;
				PRODUCT_NAME = "$(TARGET_NAME)";
				SWIFT_VERSION = 5.0;
				TARGETED_DEVICE_FAMILY = "1,2";
				TEST_HOST = "$(BUILT_PRODUCTS_DIR)/TutorialBubble.app/TutorialBubble";
			};
			name = Release;
		};
		87F0D91E22CB8D37001E448C /* Debug */ = {
			isa = XCBuildConfiguration;
			buildSettings = {
				ALWAYS_EMBED_SWIFT_STANDARD_LIBRARIES = YES;
				CODE_SIGN_STYLE = Automatic;
				DEVELOPMENT_TEAM = 6Q4W97Z9XN;
				INFOPLIST_FILE = TutorialBubbleUITests/Info.plist;
				LD_RUNPATH_SEARCH_PATHS = (
					"$(inherited)",
					"@executable_path/Frameworks",
					"@loader_path/Frameworks",
				);
				PRODUCT_BUNDLE_IDENTIFIER = dddd.TutorialBubbleUITests;
				PRODUCT_NAME = "$(TARGET_NAME)";
				SWIFT_VERSION = 5.0;
				TARGETED_DEVICE_FAMILY = "1,2";
				TEST_TARGET_NAME = TutorialBubble;
			};
			name = Debug;
		};
		87F0D91F22CB8D37001E448C /* Release */ = {
			isa = XCBuildConfiguration;
			buildSettings = {
				ALWAYS_EMBED_SWIFT_STANDARD_LIBRARIES = YES;
				CODE_SIGN_STYLE = Automatic;
				DEVELOPMENT_TEAM = 6Q4W97Z9XN;
				INFOPLIST_FILE = TutorialBubbleUITests/Info.plist;
				LD_RUNPATH_SEARCH_PATHS = (
					"$(inherited)",
					"@executable_path/Frameworks",
					"@loader_path/Frameworks",
				);
				PRODUCT_BUNDLE_IDENTIFIER = dddd.TutorialBubbleUITests;
				PRODUCT_NAME = "$(TARGET_NAME)";
				SWIFT_VERSION = 5.0;
				TARGETED_DEVICE_FAMILY = "1,2";
				TEST_TARGET_NAME = TutorialBubble;
			};
			name = Release;
		};
/* End XCBuildConfiguration section */

/* Begin XCConfigurationList section */
		87F0D8EA22CB8D35001E448C /* Build configuration list for PBXProject "TutorialBubble" */ = {
			isa = XCConfigurationList;
			buildConfigurations = (
				87F0D91522CB8D37001E448C /* Debug */,
				87F0D91622CB8D37001E448C /* Release */,
			);
			defaultConfigurationIsVisible = 0;
			defaultConfigurationName = Release;
		};
		87F0D91722CB8D37001E448C /* Build configuration list for PBXNativeTarget "TutorialBubble" */ = {
			isa = XCConfigurationList;
			buildConfigurations = (
				87F0D91822CB8D37001E448C /* Debug */,
				87F0D91922CB8D37001E448C /* Release */,
			);
			defaultConfigurationIsVisible = 0;
			defaultConfigurationName = Release;
		};
		87F0D91A22CB8D37001E448C /* Build configuration list for PBXNativeTarget "TutorialBubbleTests" */ = {
			isa = XCConfigurationList;
			buildConfigurations = (
				87F0D91B22CB8D37001E448C /* Debug */,
				87F0D91C22CB8D37001E448C /* Release */,
			);
			defaultConfigurationIsVisible = 0;
			defaultConfigurationName = Release;
		};
		87F0D91D22CB8D37001E448C /* Build configuration list for PBXNativeTarget "TutorialBubbleUITests" */ = {
			isa = XCConfigurationList;
			buildConfigurations = (
				87F0D91E22CB8D37001E448C /* Debug */,
				87F0D91F22CB8D37001E448C /* Release */,
			);
			defaultConfigurationIsVisible = 0;
			defaultConfigurationName = Release;
		};
/* End XCConfigurationList section */
	};
	rootObject = 87F0D8E722CB8D35001E448C /* Project object */;
}
