// !$*UTF8*$!
{
	archiveVersion = 1;
	classes = {
	};
	objectVersion = 46;
	objects = {

/* Begin PBXBuildFile section */
		53665253240C4DD400CC1370 /* TipSeeManagerTests.swift in Sources */ = {isa = PBXBuildFile; fileRef = 53665251240C4D9F00CC1370 /* TipSeeManagerTests.swift */; };
		5AC6E7D42FDCDF1B8F12B48B /* Pods_TipSee_Tests.framework in Frameworks */ = {isa = PBXBuildFile; fileRef = 0E79AABA03E0B1320CB887CE /* Pods_TipSee_Tests.framework */; };
		87BCBA3D2358E166000BCF46 /* TipSee.gif in Resources */ = {isa = PBXBuildFile; fileRef = 87BCBA352358E166000BCF46 /* TipSee.gif */; };
		87BCBA442358E166000BCF46 /* logo.jpg in Resources */ = {isa = PBXBuildFile; fileRef = 87BCBA3C2358E166000BCF46 /* logo.jpg */; };
		87BCBA462358E202000BCF46 /* Images.xcassets in Resources */ = {isa = PBXBuildFile; fileRef = 87BCBA452358E202000BCF46 /* Images.xcassets */; };
		87BCBA492358E212000BCF46 /* AppDelegate.swift in Sources */ = {isa = PBXBuildFile; fileRef = 87BCBA482358E211000BCF46 /* AppDelegate.swift */; };
		87BCBA502358E21D000BCF46 /* ViewController.swift in Sources */ = {isa = PBXBuildFile; fileRef = 87BCBA4A2358E21D000BCF46 /* ViewController.swift */; };
		87BCBA512358E21D000BCF46 /* LaunchScreen.xib in Resources */ = {isa = PBXBuildFile; fileRef = 87BCBA4C2358E21D000BCF46 /* LaunchScreen.xib */; };
		87BCBA522358E21D000BCF46 /* Main.storyboard in Resources */ = {isa = PBXBuildFile; fileRef = 87BCBA4E2358E21D000BCF46 /* Main.storyboard */; };
		87BCBA582358E3FB000BCF46 /* TipSee.podspec in Resources */ = {isa = PBXBuildFile; fileRef = 87BCBA532358E3FB000BCF46 /* TipSee.podspec */; };
		87BCBA592358E3FB000BCF46 /* LICENSE in Resources */ = {isa = PBXBuildFile; fileRef = 87BCBA542358E3FB000BCF46 /* LICENSE */; };
		87BCBA5A2358E3FB000BCF46 /* CHANGELOG.md in Resources */ = {isa = PBXBuildFile; fileRef = 87BCBA552358E3FB000BCF46 /* CHANGELOG.md */; };
		87BCBA5C2358E3FB000BCF46 /* README.md in Resources */ = {isa = PBXBuildFile; fileRef = 87BCBA572358E3FB000BCF46 /* README.md */; };
		87BCBA6E2358E524000BCF46 /* TipSeeTests.swift in Sources */ = {isa = PBXBuildFile; fileRef = 87BCBA6B2358E524000BCF46 /* TipSeeTests.swift */; };
		87BCBA6F2358E524000BCF46 /* TipItemTests.swift in Sources */ = {isa = PBXBuildFile; fileRef = 87BCBA6C2358E524000BCF46 /* TipItemTests.swift */; };
		87BCBA702358E524000BCF46 /* OptionsTests.swift in Sources */ = {isa = PBXBuildFile; fileRef = 87BCBA6D2358E524000BCF46 /* OptionsTests.swift */; };
		A5DA80CC545C67E4D77AE5EF /* Pods_TipSee_Example.framework in Frameworks */ = {isa = PBXBuildFile; fileRef = BBADEF3899A7E55B834BF071 /* Pods_TipSee_Example.framework */; };
/* End PBXBuildFile section */

/* Begin PBXContainerItemProxy section */
		607FACE61AFB9204008FA782 /* PBXContainerItemProxy */ = {
			isa = PBXContainerItemProxy;
			containerPortal = 607FACC81AFB9204008FA782 /* Project object */;
			proxyType = 1;
			remoteGlobalIDString = 607FACCF1AFB9204008FA782;
			remoteInfo = TipSee;
		};
/* End PBXContainerItemProxy section */

/* Begin PBXFileReference section */
		0E79AABA03E0B1320CB887CE /* Pods_TipSee_Tests.framework */ = {isa = PBXFileReference; explicitFileType = wrapper.framework; includeInIndex = 0; path = Pods_TipSee_Tests.framework; sourceTree = BUILT_PRODUCTS_DIR; };
		185AE1F4B18EDFA276B12D07 /* Pods-TipSee_Example.debug.xcconfig */ = {isa = PBXFileReference; includeInIndex = 1; lastKnownFileType = text.xcconfig; name = "Pods-TipSee_Example.debug.xcconfig"; path = "Target Support Files/Pods-TipSee_Example/Pods-TipSee_Example.debug.xcconfig"; sourceTree = "<group>"; };
		1E84A910905483281EED216C /* Pods-TipSee_Tests.debug.xcconfig */ = {isa = PBXFileReference; includeInIndex = 1; lastKnownFileType = text.xcconfig; name = "Pods-TipSee_Tests.debug.xcconfig"; path = "Target Support Files/Pods-TipSee_Tests/Pods-TipSee_Tests.debug.xcconfig"; sourceTree = "<group>"; };
		53665251240C4D9F00CC1370 /* TipSeeManagerTests.swift */ = {isa = PBXFileReference; lastKnownFileType = sourcecode.swift; path = TipSeeManagerTests.swift; sourceTree = "<group>"; };
		607FACD01AFB9204008FA782 /* TipSee_Example.app */ = {isa = PBXFileReference; explicitFileType = wrapper.application; includeInIndex = 0; path = TipSee_Example.app; sourceTree = BUILT_PRODUCTS_DIR; };
		607FACD41AFB9204008FA782 /* Info.plist */ = {isa = PBXFileReference; lastKnownFileType = text.plist.xml; path = Info.plist; sourceTree = "<group>"; };
		607FACE51AFB9204008FA782 /* TipSee_Tests.xctest */ = {isa = PBXFileReference; explicitFileType = wrapper.cfbundle; includeInIndex = 0; path = TipSee_Tests.xctest; sourceTree = BUILT_PRODUCTS_DIR; };
		607FACEA1AFB9204008FA782 /* Info.plist */ = {isa = PBXFileReference; lastKnownFileType = text.plist.xml; path = Info.plist; sourceTree = "<group>"; };
		6E4A28C99435F4EA34213DE2 /* Pods-TipSee_Tests.release.xcconfig */ = {isa = PBXFileReference; includeInIndex = 1; lastKnownFileType = text.xcconfig; name = "Pods-TipSee_Tests.release.xcconfig"; path = "Target Support Files/Pods-TipSee_Tests/Pods-TipSee_Tests.release.xcconfig"; sourceTree = "<group>"; };
		87BCBA352358E166000BCF46 /* TipSee.gif */ = {isa = PBXFileReference; lastKnownFileType = image.gif; path = TipSee.gif; sourceTree = "<group>"; };
		87BCBA3C2358E166000BCF46 /* logo.jpg */ = {isa = PBXFileReference; lastKnownFileType = image.jpeg; path = logo.jpg; sourceTree = "<group>"; };
		87BCBA452358E202000BCF46 /* Images.xcassets */ = {isa = PBXFileReference; lastKnownFileType = folder.assetcatalog; path = Images.xcassets; sourceTree = "<group>"; };
		87BCBA472358E211000BCF46 /* TipSee_Example-Bridging-Header.h */ = {isa = PBXFileReference; lastKnownFileType = sourcecode.c.h; path = "TipSee_Example-Bridging-Header.h"; sourceTree = "<group>"; };
		87BCBA482358E211000BCF46 /* AppDelegate.swift */ = {isa = PBXFileReference; fileEncoding = 4; lastKnownFileType = sourcecode.swift; path = AppDelegate.swift; sourceTree = "<group>"; };
		87BCBA4A2358E21D000BCF46 /* ViewController.swift */ = {isa = PBXFileReference; fileEncoding = 4; lastKnownFileType = sourcecode.swift; path = ViewController.swift; sourceTree = "<group>"; };
		87BCBA4D2358E21D000BCF46 /* Base */ = {isa = PBXFileReference; lastKnownFileType = file.xib; name = Base; path = LaunchScreen.xib; sourceTree = "<group>"; };
		87BCBA4F2358E21D000BCF46 /* Base */ = {isa = PBXFileReference; lastKnownFileType = file.storyboard; name = Base; path = Main.storyboard; sourceTree = "<group>"; };
		87BCBA532358E3FB000BCF46 /* TipSee.podspec */ = {isa = PBXFileReference; fileEncoding = 4; lastKnownFileType = text; name = TipSee.podspec; path = ../TipSee.podspec; sourceTree = "<group>"; };
		87BCBA542358E3FB000BCF46 /* LICENSE */ = {isa = PBXFileReference; fileEncoding = 4; lastKnownFileType = text; name = LICENSE; path = ../LICENSE; sourceTree = "<group>"; };
		87BCBA552358E3FB000BCF46 /* CHANGELOG.md */ = {isa = PBXFileReference; fileEncoding = 4; lastKnownFileType = net.daringfireball.markdown; name = CHANGELOG.md; path = ../CHANGELOG.md; sourceTree = "<group>"; };
		87BCBA572358E3FB000BCF46 /* README.md */ = {isa = PBXFileReference; fileEncoding = 4; lastKnownFileType = net.daringfireball.markdown; name = README.md; path = ../README.md; sourceTree = "<group>"; };
		87BCBA6B2358E524000BCF46 /* TipSeeTests.swift */ = {isa = PBXFileReference; fileEncoding = 4; lastKnownFileType = sourcecode.swift; path = TipSeeTests.swift; sourceTree = "<group>"; };
		87BCBA6C2358E524000BCF46 /* TipItemTests.swift */ = {isa = PBXFileReference; fileEncoding = 4; lastKnownFileType = sourcecode.swift; path = TipItemTests.swift; sourceTree = "<group>"; };
		87BCBA6D2358E524000BCF46 /* OptionsTests.swift */ = {isa = PBXFileReference; fileEncoding = 4; lastKnownFileType = sourcecode.swift; path = OptionsTests.swift; sourceTree = "<group>"; };
		A41F56FC353C7EC3C9F6E995 /* Pods-TipSee_Example.release.xcconfig */ = {isa = PBXFileReference; includeInIndex = 1; lastKnownFileType = text.xcconfig; name = "Pods-TipSee_Example.release.xcconfig"; path = "Target Support Files/Pods-TipSee_Example/Pods-TipSee_Example.release.xcconfig"; sourceTree = "<group>"; };
		BBADEF3899A7E55B834BF071 /* Pods_TipSee_Example.framework */ = {isa = PBXFileReference; explicitFileType = wrapper.framework; includeInIndex = 0; path = Pods_TipSee_Example.framework; sourceTree = BUILT_PRODUCTS_DIR; };
/* End PBXFileReference section */

/* Begin PBXFrameworksBuildPhase section */
		607FACCD1AFB9204008FA782 /* Frameworks */ = {
			isa = PBXFrameworksBuildPhase;
			buildActionMask = 2147483647;
			files = (
				A5DA80CC545C67E4D77AE5EF /* Pods_TipSee_Example.framework in Frameworks */,
			);
			runOnlyForDeploymentPostprocessing = 0;
		};
		607FACE21AFB9204008FA782 /* Frameworks */ = {
			isa = PBXFrameworksBuildPhase;
			buildActionMask = 2147483647;
			files = (
				5AC6E7D42FDCDF1B8F12B48B /* Pods_TipSee_Tests.framework in Frameworks */,
			);
			runOnlyForDeploymentPostprocessing = 0;
		};
/* End PBXFrameworksBuildPhase section */

/* Begin PBXGroup section */
		607FACC71AFB9204008FA782 = {
			isa = PBXGroup;
			children = (
				607FACF51AFB993E008FA782 /* Podspec Metadata */,
				607FACD21AFB9204008FA782 /* Example for TipSee */,
				607FACE81AFB9204008FA782 /* Tests */,
				607FACD11AFB9204008FA782 /* Products */,
				BA030862CC1C4DE09AAB79A1 /* Pods */,
				C906ACBFC6B38C291DC1BEF7 /* Frameworks */,
			);
			sourceTree = "<group>";
		};
		607FACD11AFB9204008FA782 /* Products */ = {
			isa = PBXGroup;
			children = (
				607FACD01AFB9204008FA782 /* TipSee_Example.app */,
				607FACE51AFB9204008FA782 /* TipSee_Tests.xctest */,
			);
			name = Products;
			sourceTree = "<group>";
		};
		607FACD21AFB9204008FA782 /* Example for TipSee */ = {
			isa = PBXGroup;
			children = (
				87BCBA482358E211000BCF46 /* AppDelegate.swift */,
				87BCBA4B2358E21D000BCF46 /* Base.lproj */,
				87BCBA4A2358E21D000BCF46 /* ViewController.swift */,
				87BCBA452358E202000BCF46 /* Images.xcassets */,
				87BCBA342358E166000BCF46 /* images */,
				607FACD31AFB9204008FA782 /* Supporting Files */,
				87BCBA472358E211000BCF46 /* TipSee_Example-Bridging-Header.h */,
			);
			name = "Example for TipSee";
			path = TipSee;
			sourceTree = "<group>";
		};
		607FACD31AFB9204008FA782 /* Supporting Files */ = {
			isa = PBXGroup;
			children = (
				607FACD41AFB9204008FA782 /* Info.plist */,
			);
			name = "Supporting Files";
			sourceTree = "<group>";
		};
		607FACE81AFB9204008FA782 /* Tests */ = {
			isa = PBXGroup;
			children = (
				87BCBA6D2358E524000BCF46 /* OptionsTests.swift */,
				53665251240C4D9F00CC1370 /* TipSeeManagerTests.swift */,
				87BCBA6C2358E524000BCF46 /* TipItemTests.swift */,
				87BCBA6B2358E524000BCF46 /* TipSeeTests.swift */,
				607FACE91AFB9204008FA782 /* Supporting Files */,
			);
			path = Tests;
			sourceTree = "<group>";
		};
		607FACE91AFB9204008FA782 /* Supporting Files */ = {
			isa = PBXGroup;
			children = (
				607FACEA1AFB9204008FA782 /* Info.plist */,
			);
			name = "Supporting Files";
			sourceTree = "<group>";
		};
		607FACF51AFB993E008FA782 /* Podspec Metadata */ = {
			isa = PBXGroup;
			children = (
				87BCBA552358E3FB000BCF46 /* CHANGELOG.md */,
				87BCBA542358E3FB000BCF46 /* LICENSE */,
				87BCBA572358E3FB000BCF46 /* README.md */,
				87BCBA532358E3FB000BCF46 /* TipSee.podspec */,
			);
			name = "Podspec Metadata";
			sourceTree = "<group>";
		};
		87BCBA342358E166000BCF46 /* images */ = {
			isa = PBXGroup;
			children = (
				87BCBA352358E166000BCF46 /* TipSee.gif */,
				87BCBA3C2358E166000BCF46 /* logo.jpg */,
			);
			path = images;
			sourceTree = "<group>";
		};
		87BCBA4B2358E21D000BCF46 /* Base.lproj */ = {
			isa = PBXGroup;
			children = (
				87BCBA4C2358E21D000BCF46 /* LaunchScreen.xib */,
				87BCBA4E2358E21D000BCF46 /* Main.storyboard */,
			);
			path = Base.lproj;
			sourceTree = "<group>";
		};
		BA030862CC1C4DE09AAB79A1 /* Pods */ = {
			isa = PBXGroup;
			children = (
				185AE1F4B18EDFA276B12D07 /* Pods-TipSee_Example.debug.xcconfig */,
				A41F56FC353C7EC3C9F6E995 /* Pods-TipSee_Example.release.xcconfig */,
				1E84A910905483281EED216C /* Pods-TipSee_Tests.debug.xcconfig */,
				6E4A28C99435F4EA34213DE2 /* Pods-TipSee_Tests.release.xcconfig */,
			);
			path = Pods;
			sourceTree = "<group>";
		};
		C906ACBFC6B38C291DC1BEF7 /* Frameworks */ = {
			isa = PBXGroup;
			children = (
				BBADEF3899A7E55B834BF071 /* Pods_TipSee_Example.framework */,
				0E79AABA03E0B1320CB887CE /* Pods_TipSee_Tests.framework */,
			);
			name = Frameworks;
			sourceTree = "<group>";
		};
/* End PBXGroup section */

/* Begin PBXNativeTarget section */
		607FACCF1AFB9204008FA782 /* TipSee_Example */ = {
			isa = PBXNativeTarget;
			buildConfigurationList = 607FACEF1AFB9204008FA782 /* Build configuration list for PBXNativeTarget "TipSee_Example" */;
			buildPhases = (
				DD5D0DA56B7CF940AD85E7B2 /* [CP] Check Pods Manifest.lock */,
				607FACCC1AFB9204008FA782 /* Sources */,
				607FACCD1AFB9204008FA782 /* Frameworks */,
				607FACCE1AFB9204008FA782 /* Resources */,
				44F0E925B2C39F9A7BEC72F9 /* [CP] Embed Pods Frameworks */,
			);
			buildRules = (
			);
			dependencies = (
			);
			name = TipSee_Example;
			productName = TipSee;
			productReference = 607FACD01AFB9204008FA782 /* TipSee_Example.app */;
			productType = "com.apple.product-type.application";
		};
		607FACE41AFB9204008FA782 /* TipSee_Tests */ = {
			isa = PBXNativeTarget;
			buildConfigurationList = 607FACF21AFB9204008FA782 /* Build configuration list for PBXNativeTarget "TipSee_Tests" */;
			buildPhases = (
				69217D45001E578D2FADAED2 /* [CP] Check Pods Manifest.lock */,
				607FACE11AFB9204008FA782 /* Sources */,
				607FACE21AFB9204008FA782 /* Frameworks */,
				607FACE31AFB9204008FA782 /* Resources */,
			);
			buildRules = (
			);
			dependencies = (
				607FACE71AFB9204008FA782 /* PBXTargetDependency */,
			);
			name = TipSee_Tests;
			productName = Tests;
			productReference = 607FACE51AFB9204008FA782 /* TipSee_Tests.xctest */;
			productType = "com.apple.product-type.bundle.unit-test";
		};
/* End PBXNativeTarget section */

/* Begin PBXProject section */
		607FACC81AFB9204008FA782 /* Project object */ = {
			isa = PBXProject;
			attributes = {
				LastSwiftUpdateCheck = 1110;
				LastUpgradeCheck = 1110;
				ORGANIZATIONNAME = CocoaPods;
				TargetAttributes = {
					607FACCF1AFB9204008FA782 = {
						CreatedOnToolsVersion = 6.3.1;
						LastSwiftMigration = 1110;
					};
					607FACE41AFB9204008FA782 = {
						CreatedOnToolsVersion = 6.3.1;
						LastSwiftMigration = 1110;
						TestTargetID = 607FACCF1AFB9204008FA782;
					};
				};
			};
			buildConfigurationList = 607FACCB1AFB9204008FA782 /* Build configuration list for PBXProject "TipSee" */;
			compatibilityVersion = "Xcode 3.2";
			developmentRegion = en;
			hasScannedForEncodings = 0;
			knownRegions = (
				en,
				Base,
			);
			mainGroup = 607FACC71AFB9204008FA782;
			productRefGroup = 607FACD11AFB9204008FA782 /* Products */;
			projectDirPath = "";
			projectRoot = "";
			targets = (
				607FACCF1AFB9204008FA782 /* TipSee_Example */,
				607FACE41AFB9204008FA782 /* TipSee_Tests */,
			);
		};
/* End PBXProject section */

/* Begin PBXResourcesBuildPhase section */
		607FACCE1AFB9204008FA782 /* Resources */ = {
			isa = PBXResourcesBuildPhase;
			buildActionMask = 2147483647;
			files = (
				87BCBA512358E21D000BCF46 /* LaunchScreen.xib in Resources */,
				87BCBA462358E202000BCF46 /* Images.xcassets in Resources */,
				87BCBA592358E3FB000BCF46 /* LICENSE in Resources */,
				87BCBA5A2358E3FB000BCF46 /* CHANGELOG.md in Resources */,
				87BCBA5C2358E3FB000BCF46 /* README.md in Resources */,
				87BCBA442358E166000BCF46 /* logo.jpg in Resources */,
				87BCBA522358E21D000BCF46 /* Main.storyboard in Resources */,
				87BCBA3D2358E166000BCF46 /* TipSee.gif in Resources */,
				87BCBA582358E3FB000BCF46 /* TipSee.podspec in Resources */,
			);
			runOnlyForDeploymentPostprocessing = 0;
		};
		607FACE31AFB9204008FA782 /* Resources */ = {
			isa = PBXResourcesBuildPhase;
			buildActionMask = 2147483647;
			files = (
			);
			runOnlyForDeploymentPostprocessing = 0;
		};
/* End PBXResourcesBuildPhase section */

/* Begin PBXShellScriptBuildPhase section */
		44F0E925B2C39F9A7BEC72F9 /* [CP] Embed Pods Frameworks */ = {
			isa = PBXShellScriptBuildPhase;
			buildActionMask = 2147483647;
			files = (
			);
			inputPaths = (
				"${PODS_ROOT}/Target Support Files/Pods-TipSee_Example/Pods-TipSee_Example-frameworks.sh",
				"${BUILT_PRODUCTS_DIR}/TipSee/TipSee.framework",
			);
			name = "[CP] Embed Pods Frameworks";
			outputPaths = (
				"${TARGET_BUILD_DIR}/${FRAMEWORKS_FOLDER_PATH}/TipSee.framework",
			);
			runOnlyForDeploymentPostprocessing = 0;
			shellPath = /bin/sh;
			shellScript = "\"${PODS_ROOT}/Target Support Files/Pods-TipSee_Example/Pods-TipSee_Example-frameworks.sh\"\n";
			showEnvVarsInLog = 0;
		};
		69217D45001E578D2FADAED2 /* [CP] Check Pods Manifest.lock */ = {
			isa = PBXShellScriptBuildPhase;
			buildActionMask = 2147483647;
			files = (
			);
			inputFileListPaths = (
			);
			inputPaths = (
				"${PODS_PODFILE_DIR_PATH}/Podfile.lock",
				"${PODS_ROOT}/Manifest.lock",
			);
			name = "[CP] Check Pods Manifest.lock";
			outputFileListPaths = (
			);
			outputPaths = (
				"$(DERIVED_FILE_DIR)/Pods-TipSee_Tests-checkManifestLockResult.txt",
			);
			runOnlyForDeploymentPostprocessing = 0;
			shellPath = /bin/sh;
			shellScript = "diff \"${PODS_PODFILE_DIR_PATH}/Podfile.lock\" \"${PODS_ROOT}/Manifest.lock\" > /dev/null\nif [ $? != 0 ] ; then\n    # print error to STDERR\n    echo \"error: The sandbox is not in sync with the Podfile.lock. Run 'pod install' or update your CocoaPods installation.\" >&2\n    exit 1\nfi\n# This output is used by Xcode 'outputs' to avoid re-running this script phase.\necho \"SUCCESS\" > \"${SCRIPT_OUTPUT_FILE_0}\"\n";
			showEnvVarsInLog = 0;
		};
		DD5D0DA56B7CF940AD85E7B2 /* [CP] Check Pods Manifest.lock */ = {
			isa = PBXShellScriptBuildPhase;
			buildActionMask = 2147483647;
			files = (
			);
			inputFileListPaths = (
			);
			inputPaths = (
				"${PODS_PODFILE_DIR_PATH}/Podfile.lock",
				"${PODS_ROOT}/Manifest.lock",
			);
			name = "[CP] Check Pods Manifest.lock";
			outputFileListPaths = (
			);
			outputPaths = (
				"$(DERIVED_FILE_DIR)/Pods-TipSee_Example-checkManifestLockResult.txt",
			);
			runOnlyForDeploymentPostprocessing = 0;
			shellPath = /bin/sh;
			shellScript = "diff \"${PODS_PODFILE_DIR_PATH}/Podfile.lock\" \"${PODS_ROOT}/Manifest.lock\" > /dev/null\nif [ $? != 0 ] ; then\n    # print error to STDERR\n    echo \"error: The sandbox is not in sync with the Podfile.lock. Run 'pod install' or update your CocoaPods installation.\" >&2\n    exit 1\nfi\n# This output is used by Xcode 'outputs' to avoid re-running this script phase.\necho \"SUCCESS\" > \"${SCRIPT_OUTPUT_FILE_0}\"\n";
			showEnvVarsInLog = 0;
		};
/* End PBXShellScriptBuildPhase section */

/* Begin PBXSourcesBuildPhase section */
		607FACCC1AFB9204008FA782 /* Sources */ = {
			isa = PBXSourcesBuildPhase;
			buildActionMask = 2147483647;
			files = (
				87BCBA502358E21D000BCF46 /* ViewController.swift in Sources */,
				87BCBA492358E212000BCF46 /* AppDelegate.swift in Sources */,
			);
			runOnlyForDeploymentPostprocessing = 0;
		};
		607FACE11AFB9204008FA782 /* Sources */ = {
			isa = PBXSourcesBuildPhase;
			buildActionMask = 2147483647;
			files = (
				87BCBA702358E524000BCF46 /* OptionsTests.swift in Sources */,
				87BCBA6E2358E524000BCF46 /* TipSeeTests.swift in Sources */,
				87BCBA6F2358E524000BCF46 /* TipItemTests.swift in Sources */,
				53665253240C4DD400CC1370 /* TipSeeManagerTests.swift in Sources */,
			);
			runOnlyForDeploymentPostprocessing = 0;
		};
/* End PBXSourcesBuildPhase section */

/* Begin PBXTargetDependency section */
		607FACE71AFB9204008FA782 /* PBXTargetDependency */ = {
			isa = PBXTargetDependency;
			target = 607FACCF1AFB9204008FA782 /* TipSee_Example */;
			targetProxy = 607FACE61AFB9204008FA782 /* PBXContainerItemProxy */;
		};
/* End PBXTargetDependency section */

/* Begin PBXVariantGroup section */
		87BCBA4C2358E21D000BCF46 /* LaunchScreen.xib */ = {
			isa = PBXVariantGroup;
			children = (
				87BCBA4D2358E21D000BCF46 /* Base */,
			);
			name = LaunchScreen.xib;
			sourceTree = "<group>";
		};
		87BCBA4E2358E21D000BCF46 /* Main.storyboard */ = {
			isa = PBXVariantGroup;
			children = (
				87BCBA4F2358E21D000BCF46 /* Base */,
			);
			name = Main.storyboard;
			sourceTree = "<group>";
		};
/* End PBXVariantGroup section */

/* Begin XCBuildConfiguration section */
		607FACED1AFB9204008FA782 /* Debug */ = {
			isa = XCBuildConfiguration;
			buildSettings = {
				ALWAYS_SEARCH_USER_PATHS = NO;
				CLANG_ANALYZER_LOCALIZABILITY_NONLOCALIZED = YES;
				CLANG_CXX_LANGUAGE_STANDARD = "gnu++0x";
				CLANG_CXX_LIBRARY = "libc++";
				CLANG_ENABLE_MODULES = YES;
				CLANG_ENABLE_OBJC_ARC = YES;
				CLANG_WARN_BLOCK_CAPTURE_AUTORELEASING = YES;
				CLANG_WARN_BOOL_CONVERSION = YES;
				CLANG_WARN_COMMA = YES;
				CLANG_WARN_CONSTANT_CONVERSION = YES;
				CLANG_WARN_DEPRECATED_OBJC_IMPLEMENTATIONS = YES;
				CLANG_WARN_DIRECT_OBJC_ISA_USAGE = YES_ERROR;
				CLANG_WARN_EMPTY_BODY = YES;
				CLANG_WARN_ENUM_CONVERSION = YES;
				CLANG_WARN_INFINITE_RECURSION = YES;
				CLANG_WARN_INT_CONVERSION = YES;
				CLANG_WARN_NON_LITERAL_NULL_CONVERSION = YES;
				CLANG_WARN_OBJC_IMPLICIT_RETAIN_SELF = YES;
				CLANG_WARN_OBJC_LITERAL_CONVERSION = YES;
				CLANG_WARN_OBJC_ROOT_CLASS = YES_ERROR;
				CLANG_WARN_RANGE_LOOP_ANALYSIS = YES;
				CLANG_WARN_STRICT_PROTOTYPES = YES;
				CLANG_WARN_SUSPICIOUS_MOVE = YES;
				CLANG_WARN_UNREACHABLE_CODE = YES;
				CLANG_WARN__DUPLICATE_METHOD_MATCH = YES;
				"CODE_SIGN_IDENTITY[sdk=iphoneos*]" = "iPhone Developer";
				COPY_PHASE_STRIP = NO;
				DEBUG_INFORMATION_FORMAT = "dwarf-with-dsym";
				ENABLE_STRICT_OBJC_MSGSEND = YES;
				ENABLE_TESTABILITY = YES;
				GCC_C_LANGUAGE_STANDARD = gnu99;
				GCC_DYNAMIC_NO_PIC = NO;
				GCC_NO_COMMON_BLOCKS = YES;
				GCC_OPTIMIZATION_LEVEL = 0;
				GCC_PREPROCESSOR_DEFINITIONS = (
					"DEBUG=1",
					"$(inherited)",
				);
				GCC_SYMBOLS_PRIVATE_EXTERN = NO;
				GCC_WARN_64_TO_32_BIT_CONVERSION = YES;
				GCC_WARN_ABOUT_RETURN_TYPE = YES_ERROR;
				GCC_WARN_UNDECLARED_SELECTOR = YES;
				GCC_WARN_UNINITIALIZED_AUTOS = YES_AGGRESSIVE;
				GCC_WARN_UNUSED_FUNCTION = YES;
				GCC_WARN_UNUSED_VARIABLE = YES;
				IPHONEOS_DEPLOYMENT_TARGET = 9.3;
				MTL_ENABLE_DEBUG_INFO = YES;
				ONLY_ACTIVE_ARCH = YES;
				SDKROOT = iphoneos;
				SWIFT_OPTIMIZATION_LEVEL = "-Onone";
			};
			name = Debug;
		};
		607FACEE1AFB9204008FA782 /* Release */ = {
			isa = XCBuildConfiguration;
			buildSettings = {
				ALWAYS_SEARCH_USER_PATHS = NO;
				CLANG_ANALYZER_LOCALIZABILITY_NONLOCALIZED = YES;
				CLANG_CXX_LANGUAGE_STANDARD = "gnu++0x";
				CLANG_CXX_LIBRARY = "libc++";
				CLANG_ENABLE_MODULES = YES;
				CLANG_ENABLE_OBJC_ARC = YES;
				CLANG_WARN_BLOCK_CAPTURE_AUTORELEASING = YES;
				CLANG_WARN_BOOL_CONVERSION = YES;
				CLANG_WARN_COMMA = YES;
				CLANG_WARN_CONSTANT_CONVERSION = YES;
				CLANG_WARN_DEPRECATED_OBJC_IMPLEMENTATIONS = YES;
				CLANG_WARN_DIRECT_OBJC_ISA_USAGE = YES_ERROR;
				CLANG_WARN_EMPTY_BODY = YES;
				CLANG_WARN_ENUM_CONVERSION = YES;
				CLANG_WARN_INFINITE_RECURSION = YES;
				CLANG_WARN_INT_CONVERSION = YES;
				CLANG_WARN_NON_LITERAL_NULL_CONVERSION = YES;
				CLANG_WARN_OBJC_IMPLICIT_RETAIN_SELF = YES;
				CLANG_WARN_OBJC_LITERAL_CONVERSION = YES;
				CLANG_WARN_OBJC_ROOT_CLASS = YES_ERROR;
				CLANG_WARN_RANGE_LOOP_ANALYSIS = YES;
				CLANG_WARN_STRICT_PROTOTYPES = YES;
				CLANG_WARN_SUSPICIOUS_MOVE = YES;
				CLANG_WARN_UNREACHABLE_CODE = YES;
				CLANG_WARN__DUPLICATE_METHOD_MATCH = YES;
				"CODE_SIGN_IDENTITY[sdk=iphoneos*]" = "iPhone Developer";
				COPY_PHASE_STRIP = NO;
				DEBUG_INFORMATION_FORMAT = "dwarf-with-dsym";
				ENABLE_NS_ASSERTIONS = NO;
				ENABLE_STRICT_OBJC_MSGSEND = YES;
				GCC_C_LANGUAGE_STANDARD = gnu99;
				GCC_NO_COMMON_BLOCKS = YES;
				GCC_WARN_64_TO_32_BIT_CONVERSION = YES;
				GCC_WARN_ABOUT_RETURN_TYPE = YES_ERROR;
				GCC_WARN_UNDECLARED_SELECTOR = YES;
				GCC_WARN_UNINITIALIZED_AUTOS = YES_AGGRESSIVE;
				GCC_WARN_UNUSED_FUNCTION = YES;
				GCC_WARN_UNUSED_VARIABLE = YES;
				IPHONEOS_DEPLOYMENT_TARGET = 9.3;
				MTL_ENABLE_DEBUG_INFO = NO;
				SDKROOT = iphoneos;
				SWIFT_OPTIMIZATION_LEVEL = "-Owholemodule";
				VALIDATE_PRODUCT = YES;
			};
			name = Release;
		};
		607FACF01AFB9204008FA782 /* Debug */ = {
			isa = XCBuildConfiguration;
			baseConfigurationReference = 185AE1F4B18EDFA276B12D07 /* Pods-TipSee_Example.debug.xcconfig */;
			buildSettings = {
				ASSETCATALOG_COMPILER_APPICON_NAME = AppIcon;
				CLANG_ENABLE_MODULES = YES;
				INFOPLIST_FILE = TipSee/Info.plist;
				LD_RUNPATH_SEARCH_PATHS = "$(inherited) @executable_path/Frameworks";
				MODULE_NAME = ExampleApp;
				PRODUCT_BUNDLE_IDENTIFIER = "org.cocoapods.demo.$(PRODUCT_NAME:rfc1034identifier)";
				PRODUCT_NAME = "$(TARGET_NAME)";
				SWIFT_OBJC_BRIDGING_HEADER = "TipSee/TipSee_Example-Bridging-Header.h";
				SWIFT_OPTIMIZATION_LEVEL = "-Onone";
				SWIFT_SWIFT3_OBJC_INFERENCE = Default;
				SWIFT_VERSION = 5.0;
			};
			name = Debug;
		};
		607FACF11AFB9204008FA782 /* Release */ = {
			isa = XCBuildConfiguration;
			baseConfigurationReference = A41F56FC353C7EC3C9F6E995 /* Pods-TipSee_Example.release.xcconfig */;
			buildSettings = {
				ASSETCATALOG_COMPILER_APPICON_NAME = AppIcon;
				CLANG_ENABLE_MODULES = YES;
				INFOPLIST_FILE = TipSee/Info.plist;
				LD_RUNPATH_SEARCH_PATHS = "$(inherited) @executable_path/Frameworks";
				MODULE_NAME = ExampleApp;
				PRODUCT_BUNDLE_IDENTIFIER = "org.cocoapods.demo.$(PRODUCT_NAME:rfc1034identifier)";
				PRODUCT_NAME = "$(TARGET_NAME)";
				SWIFT_OBJC_BRIDGING_HEADER = "TipSee/TipSee_Example-Bridging-Header.h";
				SWIFT_SWIFT3_OBJC_INFERENCE = Default;
				SWIFT_VERSION = 5.0;
			};
			name = Release;
		};
		607FACF31AFB9204008FA782 /* Debug */ = {
			isa = XCBuildConfiguration;
			baseConfigurationReference = 1E84A910905483281EED216C /* Pods-TipSee_Tests.debug.xcconfig */;
			buildSettings = {
				ALWAYS_EMBED_SWIFT_STANDARD_LIBRARIES = YES;
				FRAMEWORK_SEARCH_PATHS = (
					"$(PLATFORM_DIR)/Developer/Library/Frameworks",
					"$(inherited)",
				);
				GCC_PREPROCESSOR_DEFINITIONS = (
					"DEBUG=1",
					"$(inherited)",
				);
				INFOPLIST_FILE = Tests/Info.plist;
				LD_RUNPATH_SEARCH_PATHS = "$(inherited) @executable_path/Frameworks @loader_path/Frameworks";
				PRODUCT_BUNDLE_IDENTIFIER = "org.cocoapods.$(PRODUCT_NAME:rfc1034identifier)";
				PRODUCT_NAME = "$(TARGET_NAME)";
				SWIFT_SWIFT3_OBJC_INFERENCE = Default;
				SWIFT_VERSION = 5.0;
				TEST_HOST = "$(BUILT_PRODUCTS_DIR)/TipSee_Example.app/TipSee_Example";
			};
			name = Debug;
		};
		607FACF41AFB9204008FA782 /* Release */ = {
			isa = XCBuildConfiguration;
			baseConfigurationReference = 6E4A28C99435F4EA34213DE2 /* Pods-TipSee_Tests.release.xcconfig */;
			buildSettings = {
				ALWAYS_EMBED_SWIFT_STANDARD_LIBRARIES = YES;
				FRAMEWORK_SEARCH_PATHS = (
					"$(PLATFORM_DIR)/Developer/Library/Frameworks",
					"$(inherited)",
				);
				INFOPLIST_FILE = Tests/Info.plist;
				LD_RUNPATH_SEARCH_PATHS = "$(inherited) @executable_path/Frameworks @loader_path/Frameworks";
				PRODUCT_BUNDLE_IDENTIFIER = "org.cocoapods.$(PRODUCT_NAME:rfc1034identifier)";
				PRODUCT_NAME = "$(TARGET_NAME)";
				SWIFT_SWIFT3_OBJC_INFERENCE = Default;
				SWIFT_VERSION = 5.0;
				TEST_HOST = "$(BUILT_PRODUCTS_DIR)/TipSee_Example.app/TipSee_Example";
			};
			name = Release;
		};
/* End XCBuildConfiguration section */

/* Begin XCConfigurationList section */
		607FACCB1AFB9204008FA782 /* Build configuration list for PBXProject "TipSee" */ = {
			isa = XCConfigurationList;
			buildConfigurations = (
				607FACED1AFB9204008FA782 /* Debug */,
				607FACEE1AFB9204008FA782 /* Release */,
			);
			defaultConfigurationIsVisible = 0;
			defaultConfigurationName = Release;
		};
		607FACEF1AFB9204008FA782 /* Build configuration list for PBXNativeTarget "TipSee_Example" */ = {
			isa = XCConfigurationList;
			buildConfigurations = (
				607FACF01AFB9204008FA782 /* Debug */,
				607FACF11AFB9204008FA782 /* Release */,
			);
			defaultConfigurationIsVisible = 0;
			defaultConfigurationName = Release;
		};
		607FACF21AFB9204008FA782 /* Build configuration list for PBXNativeTarget "TipSee_Tests" */ = {
			isa = XCConfigurationList;
			buildConfigurations = (
				607FACF31AFB9204008FA782 /* Debug */,
				607FACF41AFB9204008FA782 /* Release */,
			);
			defaultConfigurationIsVisible = 0;
			defaultConfigurationName = Release;
		};
/* End XCConfigurationList section */
	};
	rootObject = 607FACC81AFB9204008FA782 /* Project object */;
}
